
Microsoft Visual Studio Solution File, Format Version 12.00
# Visual Studio Version 17
VisualStudioVersion = 17.2.32630.192
MinimumVisualStudioVersion = 10.0.40219.1
Project("{2150E333-8FDC-42A3-9474-1A3956D46DE8}") = "Presentation", "Presentation", "{B201E93B-DCFC-443F-8A89-C4CEF3227475}"
EndProject
Project("{9A19103F-16F7-4668-BE54-9A1E7A4F7556}") = "SimpraFinalProject.API", "Presentation\SimpraFinalProject.API\SimpraFinalProject.API.csproj", "{50FA0F6F-B4D6-46A3-B2A0-23CAFC380B75}"
EndProject
Project("{2150E333-8FDC-42A3-9474-1A3956D46DE8}") = "Core", "Core", "{ED24C037-7E2F-4403-9998-5876D0277912}"
EndProject
Project("{2150E333-8FDC-42A3-9474-1A3956D46DE8}") = "Infrastructure", "Infrastructure", "{6E968FAA-52AB-49C1-9722-B06BB222A102}"
EndProject
Project("{FAE04EC0-301F-11D3-BF4B-00C04F79EFBC}") = "SimpraFinalProject.Application", "Core\SimpraFinalProject.Application\SimpraFinalProject.Application.csproj", "{B11036AF-C61D-47ED-94E9-EAC46E1D1932}"
EndProject
Project("{FAE04EC0-301F-11D3-BF4B-00C04F79EFBC}") = "SimpraFinalProject.Domain", "Core\SimpraFinalProject.Domain\SimpraFinalProject.Domain.csproj", "{B3BB2084-57AD-4EDD-BEE3-5E80A7640F60}"
EndProject
Project("{FAE04EC0-301F-11D3-BF4B-00C04F79EFBC}") = "SimpraFinalProject.Infrastructure", "Infrastructure\SimpraFinalProject.Infrastructure\SimpraFinalProject.Infrastructure.csproj", "{3BD8775E-C03F-48C1-A565-51279A4D52C2}"
EndProject
Project("{FAE04EC0-301F-11D3-BF4B-00C04F79EFBC}") = "SimpraFinalProject.Persistence", "Infrastructure\SimpraFinalProject.Persistence\SimpraFinalProject.Persistence.csproj", "{5BF39069-B7F0-4990-9565-47507CE5F824}"
EndProject
Global
	GlobalSection(SolutionConfigurationPlatforms) = preSolution
		Debug|Any CPU = Debug|Any CPU
		Release|Any CPU = Release|Any CPU
	EndGlobalSection
	GlobalSection(ProjectConfigurationPlatforms) = postSolution
		{50FA0F6F-B4D6-46A3-B2A0-23CAFC380B75}.Debug|Any CPU.ActiveCfg = Debug|Any CPU
		{50FA0F6F-B4D6-46A3-B2A0-23CAFC380B75}.Debug|Any CPU.Build.0 = Debug|Any CPU
		{50FA0F6F-B4D6-46A3-B2A0-23CAFC380B75}.Release|Any CPU.ActiveCfg = Release|Any CPU
		{50FA0F6F-B4D6-46A3-B2A0-23CAFC380B75}.Release|Any CPU.Build.0 = Release|Any CPU
		{B11036AF-C61D-47ED-94E9-EAC46E1D1932}.Debug|Any CPU.ActiveCfg = Debug|Any CPU
		{B11036AF-C61D-47ED-94E9-EAC46E1D1932}.Debug|Any CPU.Build.0 = Debug|Any CPU
		{B11036AF-C61D-47ED-94E9-EAC46E1D1932}.Release|Any CPU.ActiveCfg = Release|Any CPU
		{B11036AF-C61D-47ED-94E9-EAC46E1D1932}.Release|Any CPU.Build.0 = Release|Any CPU
		{B3BB2084-57AD-4EDD-BEE3-5E80A7640F60}.Debug|Any CPU.ActiveCfg = Debug|Any CPU
		{B3BB2084-57AD-4EDD-BEE3-5E80A7640F60}.Debug|Any CPU.Build.0 = Debug|Any CPU
		{B3BB2084-57AD-4EDD-BEE3-5E80A7640F60}.Release|Any CPU.ActiveCfg = Release|Any CPU
		{B3BB2084-57AD-4EDD-BEE3-5E80A7640F60}.Release|Any CPU.Build.0 = Release|Any CPU
		{3BD8775E-C03F-48C1-A565-51279A4D52C2}.Debug|Any CPU.ActiveCfg = Debug|Any CPU
		{3BD8775E-C03F-48C1-A565-51279A4D52C2}.Debug|Any CPU.Build.0 = Debug|Any CPU
		{3BD8775E-C03F-48C1-A565-51279A4D52C2}.Release|Any CPU.ActiveCfg = Release|Any CPU
		{3BD8775E-C03F-48C1-A565-51279A4D52C2}.Release|Any CPU.Build.0 = Release|Any CPU
		{5BF39069-B7F0-4990-9565-47507CE5F824}.Debug|Any CPU.ActiveCfg = Debug|Any CPU
		{5BF39069-B7F0-4990-9565-47507CE5F824}.Debug|Any CPU.Build.0 = Debug|Any CPU
		{5BF39069-B7F0-4990-9565-47507CE5F824}.Release|Any CPU.ActiveCfg = Release|Any CPU
		{5BF39069-B7F0-4990-9565-47507CE5F824}.Release|Any CPU.Build.0 = Release|Any CPU
	EndGlobalSection
	GlobalSection(SolutionProperties) = preSolution
		HideSolutionNode = FALSE
	EndGlobalSection
	GlobalSection(NestedProjects) = preSolution
		{50FA0F6F-B4D6-46A3-B2A0-23CAFC380B75} = {B201E93B-DCFC-443F-8A89-C4CEF3227475}
		{B11036AF-C61D-47ED-94E9-EAC46E1D1932} = {ED24C037-7E2F-4403-9998-5876D0277912}
		{B3BB2084-57AD-4EDD-BEE3-5E80A7640F60} = {ED24C037-7E2F-4403-9998-5876D0277912}
		{3BD8775E-C03F-48C1-A565-51279A4D52C2} = {6E968FAA-52AB-49C1-9722-B06BB222A102}
		{5BF39069-B7F0-4990-9565-47507CE5F824} = {6E968FAA-52AB-49C1-9722-B06BB222A102}
	EndGlobalSection
	GlobalSection(ExtensibilityGlobals) = postSolution
		SolutionGuid = {27FE6945-B02C-4C4F-8A79-5DFB86CE8B80}
	EndGlobalSection
EndGlobal
